
Microsoft Visual Studio Solution File, Format Version 12.00
# Visual Studio Version 17
VisualStudioVersion = 17.0.31606.5
MinimumVisualStudioVersion = 10.0.40219.1
Project("{9A19103F-16F7-4668-BE54-9A1E7A4F7556}") = "MySelfLog.Backend.Host", "MySelfLog.Backend.Host\MySelfLog.Backend.Host.csproj", "{EA1E8CC1-BCE7-47AE-8A42-900A0C429EF1}"
EndProject
Project("{9A19103F-16F7-4668-BE54-9A1E7A4F7556}") = "MySelfLog.Backend.Adapter", "MySelfLog.Backend.Adapter\MySelfLog.Backend.Adapter.csproj", "{572E243F-EE7A-4D31-A1E2-34BCC6349256}"
EndProject
Project("{9A19103F-16F7-4668-BE54-9A1E7A4F7556}") = "MySelfLog.Backend.Domain", "MySelfLog.Backend.Domain\MySelfLog.Backend.Domain.csproj", "{0565D5F9-6207-46D1-AA95-2E02641B3746}"
EndProject
Project("{9A19103F-16F7-4668-BE54-9A1E7A4F7556}") = "MySelfLog.Backend.Tests", "MySelfLog.Backend.Tests\MySelfLog.Backend.Tests.csproj", "{6EF23C45-B950-4FAB-A308-098B632E8DE0}"
EndProject
Project("{FAE04EC0-301F-11D3-BF4B-00C04F79EFBC}") = "MySelfLog.Backend.WorkerService", "MySelfLog.Backend.WorkerService\MySelfLog.Backend.WorkerService.csproj", "{89E71089-9616-4A41-880D-005821A0B679}"
EndProject
Global
	GlobalSection(SolutionConfigurationPlatforms) = preSolution
		Debug|Any CPU = Debug|Any CPU
		Release|Any CPU = Release|Any CPU
	EndGlobalSection
	GlobalSection(ProjectConfigurationPlatforms) = postSolution
		{EA1E8CC1-BCE7-47AE-8A42-900A0C429EF1}.Debug|Any CPU.ActiveCfg = Debug|Any CPU
		{EA1E8CC1-BCE7-47AE-8A42-900A0C429EF1}.Debug|Any CPU.Build.0 = Debug|Any CPU
		{EA1E8CC1-BCE7-47AE-8A42-900A0C429EF1}.Release|Any CPU.ActiveCfg = Release|Any CPU
		{EA1E8CC1-BCE7-47AE-8A42-900A0C429EF1}.Release|Any CPU.Build.0 = Release|Any CPU
		{572E243F-EE7A-4D31-A1E2-34BCC6349256}.Debug|Any CPU.ActiveCfg = Debug|Any CPU
		{572E243F-EE7A-4D31-A1E2-34BCC6349256}.Debug|Any CPU.Build.0 = Debug|Any CPU
		{572E243F-EE7A-4D31-A1E2-34BCC6349256}.Release|Any CPU.ActiveCfg = Release|Any CPU
		{572E243F-EE7A-4D31-A1E2-34BCC6349256}.Release|Any CPU.Build.0 = Release|Any CPU
		{0565D5F9-6207-46D1-AA95-2E02641B3746}.Debug|Any CPU.ActiveCfg = Debug|Any CPU
		{0565D5F9-6207-46D1-AA95-2E02641B3746}.Debug|Any CPU.Build.0 = Debug|Any CPU
		{0565D5F9-6207-46D1-AA95-2E02641B3746}.Release|Any CPU.ActiveCfg = Release|Any CPU
		{0565D5F9-6207-46D1-AA95-2E02641B3746}.Release|Any CPU.Build.0 = Release|Any CPU
		{6EF23C45-B950-4FAB-A308-098B632E8DE0}.Debug|Any CPU.ActiveCfg = Debug|Any CPU
		{6EF23C45-B950-4FAB-A308-098B632E8DE0}.Debug|Any CPU.Build.0 = Debug|Any CPU
		{6EF23C45-B950-4FAB-A308-098B632E8DE0}.Release|Any CPU.ActiveCfg = Release|Any CPU
		{6EF23C45-B950-4FAB-A308-098B632E8DE0}.Release|Any CPU.Build.0 = Release|Any CPU
		{89E71089-9616-4A41-880D-005821A0B679}.Debug|Any CPU.ActiveCfg = Debug|Any CPU
		{89E71089-9616-4A41-880D-005821A0B679}.Debug|Any CPU.Build.0 = Debug|Any CPU
		{89E71089-9616-4A41-880D-005821A0B679}.Release|Any CPU.ActiveCfg = Release|Any CPU
		{89E71089-9616-4A41-880D-005821A0B679}.Release|Any CPU.Build.0 = Release|Any CPU
	EndGlobalSection
	GlobalSection(SolutionProperties) = preSolution
		HideSolutionNode = FALSE
	EndGlobalSection
	GlobalSection(ExtensibilityGlobals) = postSolution
		SolutionGuid = {65FEC022-4041-4047-878A-94C43A94BA89}
	EndGlobalSection
EndGlobal
