
Microsoft Visual Studio Solution File, Format Version 12.00
# Visual Studio Version 16
VisualStudioVersion = 16.0.30907.101
MinimumVisualStudioVersion = 10.0.40219.1
Project("{FAE04EC0-301F-11D3-BF4B-00C04F79EFBC}") = "MySelfLog.Backend", "MySelfLog.Backend\MySelfLog.Backend.csproj", "{46552D14-6CA6-4C12-892B-5496B56E72D7}"
EndProject
Project("{FAE04EC0-301F-11D3-BF4B-00C04F79EFBC}") = "MySelfLog.Adapter", "MySelfLog.Adapter\MySelfLog.Adapter.csproj", "{8F8120F1-37AA-40E8-AB97-C2DEE8425079}"
EndProject
Project("{FAE04EC0-301F-11D3-BF4B-00C04F79EFBC}") = "MySelfLog.Contracts", "MySelfLog.Contracts\MySelfLog.Contracts.csproj", "{3C562876-C6B2-456D-BEE5-402AF5B13BB3}"
EndProject
Project("{FAE04EC0-301F-11D3-BF4B-00C04F79EFBC}") = "MySelfLog.CryptoService", "MySelfLog.CryptoService\MySelfLog.CryptoService.csproj", "{6FDA52FD-F3B5-43E0-904B-70ADDAC3EF8E}"
EndProject
Global
	GlobalSection(SolutionConfigurationPlatforms) = preSolution
		Debug|Any CPU = Debug|Any CPU
		Release|Any CPU = Release|Any CPU
	EndGlobalSection
	GlobalSection(ProjectConfigurationPlatforms) = postSolution
		{46552D14-6CA6-4C12-892B-5496B56E72D7}.Debug|Any CPU.ActiveCfg = Debug|Any CPU
		{46552D14-6CA6-4C12-892B-5496B56E72D7}.Debug|Any CPU.Build.0 = Debug|Any CPU
		{46552D14-6CA6-4C12-892B-5496B56E72D7}.Release|Any CPU.ActiveCfg = Release|Any CPU
		{46552D14-6CA6-4C12-892B-5496B56E72D7}.Release|Any CPU.Build.0 = Release|Any CPU
		{8F8120F1-37AA-40E8-AB97-C2DEE8425079}.Debug|Any CPU.ActiveCfg = Debug|Any CPU
		{8F8120F1-37AA-40E8-AB97-C2DEE8425079}.Debug|Any CPU.Build.0 = Debug|Any CPU
		{8F8120F1-37AA-40E8-AB97-C2DEE8425079}.Release|Any CPU.ActiveCfg = Release|Any CPU
		{8F8120F1-37AA-40E8-AB97-C2DEE8425079}.Release|Any CPU.Build.0 = Release|Any CPU
		{3C562876-C6B2-456D-BEE5-402AF5B13BB3}.Debug|Any CPU.ActiveCfg = Debug|Any CPU
		{3C562876-C6B2-456D-BEE5-402AF5B13BB3}.Debug|Any CPU.Build.0 = Debug|Any CPU
		{3C562876-C6B2-456D-BEE5-402AF5B13BB3}.Release|Any CPU.ActiveCfg = Release|Any CPU
		{3C562876-C6B2-456D-BEE5-402AF5B13BB3}.Release|Any CPU.Build.0 = Release|Any CPU
		{6FDA52FD-F3B5-43E0-904B-70ADDAC3EF8E}.Debug|Any CPU.ActiveCfg = Debug|Any CPU
		{6FDA52FD-F3B5-43E0-904B-70ADDAC3EF8E}.Debug|Any CPU.Build.0 = Debug|Any CPU
		{6FDA52FD-F3B5-43E0-904B-70ADDAC3EF8E}.Release|Any CPU.ActiveCfg = Release|Any CPU
		{6FDA52FD-F3B5-43E0-904B-70ADDAC3EF8E}.Release|Any CPU.Build.0 = Release|Any CPU
	EndGlobalSection
	GlobalSection(SolutionProperties) = preSolution
		HideSolutionNode = FALSE
	EndGlobalSection
	GlobalSection(ExtensibilityGlobals) = postSolution
		SolutionGuid = {0E5DB035-1105-47DD-B9DE-EDB178CE1DF1}
	EndGlobalSection
EndGlobal
