
Microsoft Visual Studio Solution File, Format Version 12.00
# Visual Studio 14
VisualStudioVersion = 14.0.25420.1
MinimumVisualStudioVersion = 10.0.40219.1
Project("{FAE04EC0-301F-11D3-BF4B-00C04F79EFBC}") = "MySelfLog.Domain", "MySelfLog.Domain\MySelfLog.Domain.csproj", "{0C554817-240A-4895-91F9-6C4F4E2CE585}"
EndProject
Project("{FAE04EC0-301F-11D3-BF4B-00C04F79EFBC}") = "MySelfLog.AppService", "MySelfLog.AppService\MySelfLog.AppService.csproj", "{7116C74B-85F3-4171-ABEE-2FB7978C0909}"
EndProject
Project("{FAE04EC0-301F-11D3-BF4B-00C04F79EFBC}") = "MySelfLog.Host", "MySelfLog.Host\MySelfLog.Host.csproj", "{A2E3B4D6-4686-4667-ABE1-A250FDF54756}"
EndProject
Project("{FAE04EC0-301F-11D3-BF4B-00C04F79EFBC}") = "MySelfLog.Messages", "MySelfLog.Messages\MySelfLog.Messages.csproj", "{C2780834-47F8-4AEA-9352-525E663594B6}"
EndProject
Global
	GlobalSection(SolutionConfigurationPlatforms) = preSolution
		Debug|Any CPU = Debug|Any CPU
		Release|Any CPU = Release|Any CPU
	EndGlobalSection
	GlobalSection(ProjectConfigurationPlatforms) = postSolution
		{0C554817-240A-4895-91F9-6C4F4E2CE585}.Debug|Any CPU.ActiveCfg = Debug|Any CPU
		{0C554817-240A-4895-91F9-6C4F4E2CE585}.Debug|Any CPU.Build.0 = Debug|Any CPU
		{0C554817-240A-4895-91F9-6C4F4E2CE585}.Release|Any CPU.ActiveCfg = Release|Any CPU
		{0C554817-240A-4895-91F9-6C4F4E2CE585}.Release|Any CPU.Build.0 = Release|Any CPU
		{7116C74B-85F3-4171-ABEE-2FB7978C0909}.Debug|Any CPU.ActiveCfg = Debug|Any CPU
		{7116C74B-85F3-4171-ABEE-2FB7978C0909}.Debug|Any CPU.Build.0 = Debug|Any CPU
		{7116C74B-85F3-4171-ABEE-2FB7978C0909}.Release|Any CPU.ActiveCfg = Release|Any CPU
		{7116C74B-85F3-4171-ABEE-2FB7978C0909}.Release|Any CPU.Build.0 = Release|Any CPU
		{A2E3B4D6-4686-4667-ABE1-A250FDF54756}.Debug|Any CPU.ActiveCfg = Debug|Any CPU
		{A2E3B4D6-4686-4667-ABE1-A250FDF54756}.Debug|Any CPU.Build.0 = Debug|Any CPU
		{A2E3B4D6-4686-4667-ABE1-A250FDF54756}.Release|Any CPU.ActiveCfg = Release|Any CPU
		{A2E3B4D6-4686-4667-ABE1-A250FDF54756}.Release|Any CPU.Build.0 = Release|Any CPU
		{C2780834-47F8-4AEA-9352-525E663594B6}.Debug|Any CPU.ActiveCfg = Debug|Any CPU
		{C2780834-47F8-4AEA-9352-525E663594B6}.Debug|Any CPU.Build.0 = Debug|Any CPU
		{C2780834-47F8-4AEA-9352-525E663594B6}.Release|Any CPU.ActiveCfg = Release|Any CPU
		{C2780834-47F8-4AEA-9352-525E663594B6}.Release|Any CPU.Build.0 = Release|Any CPU
	EndGlobalSection
	GlobalSection(SolutionProperties) = preSolution
		HideSolutionNode = FALSE
	EndGlobalSection
EndGlobal
